// !$*UTF8*$!
{
	archiveVersion = 1;
	classes = {
	};
	objectVersion = 50;
	objects = {

/* Begin PBXBuildFile section */
		4A5DE35224E71E2F00E817D2 /* DataManager.framework in Frameworks */ = {isa = PBXBuildFile; fileRef = 4AEA568C24E71DB2004AE463 /* DataManager.framework */; };
		4A5DE35324E71E2F00E817D2 /* DataManager.framework in Embed Frameworks */ = {isa = PBXBuildFile; fileRef = 4AEA568C24E71DB2004AE463 /* DataManager.framework */; settings = {ATTRIBUTES = (CodeSignOnCopy, RemoveHeadersOnCopy, ); }; };
		4AEA565724E707D7004AE463 /* AppDelegate.swift in Sources */ = {isa = PBXBuildFile; fileRef = 4AEA565624E707D7004AE463 /* AppDelegate.swift */; };
		4AEA565924E707D7004AE463 /* SceneDelegate.swift in Sources */ = {isa = PBXBuildFile; fileRef = 4AEA565824E707D7004AE463 /* SceneDelegate.swift */; };
		4AEA565B24E707D7004AE463 /* ViewController.swift in Sources */ = {isa = PBXBuildFile; fileRef = 4AEA565A24E707D7004AE463 /* ViewController.swift */; };
		4AEA565E24E707D7004AE463 /* Main.storyboard in Resources */ = {isa = PBXBuildFile; fileRef = 4AEA565C24E707D7004AE463 /* Main.storyboard */; };
		4AEA566024E707D8004AE463 /* Assets.xcassets in Resources */ = {isa = PBXBuildFile; fileRef = 4AEA565F24E707D8004AE463 /* Assets.xcassets */; };
		4AEA566324E707D8004AE463 /* LaunchScreen.storyboard in Resources */ = {isa = PBXBuildFile; fileRef = 4AEA566124E707D8004AE463 /* LaunchScreen.storyboard */; };
		4AEA566C24E717A9004AE463 /* MovieTableViewCell.swift in Sources */ = {isa = PBXBuildFile; fileRef = 4AEA566A24E717A9004AE463 /* MovieTableViewCell.swift */; };
		4AEA566D24E717A9004AE463 /* MovieTableViewCell.xib in Resources */ = {isa = PBXBuildFile; fileRef = 4AEA566B24E717A9004AE463 /* MovieTableViewCell.xib */; };
/* End PBXBuildFile section */

/* Begin PBXContainerItemProxy section */
		4AEA568B24E71DB2004AE463 /* PBXContainerItemProxy */ = {
			isa = PBXContainerItemProxy;
			containerPortal = 4AEA568724E71DB2004AE463 /* DataManager.xcodeproj */;
			proxyType = 2;
			remoteGlobalIDString = 4AEA567824E71B40004AE463;
			remoteInfo = DataManager;
		};
/* End PBXContainerItemProxy section */

/* Begin PBXCopyFilesBuildPhase section */
		4A5DE35424E71E2F00E817D2 /* Embed Frameworks */ = {
			isa = PBXCopyFilesBuildPhase;
			buildActionMask = 2147483647;
			dstPath = "";
			dstSubfolderSpec = 10;
			files = (
				4A5DE35324E71E2F00E817D2 /* DataManager.framework in Embed Frameworks */,
			);
			name = "Embed Frameworks";
			runOnlyForDeploymentPostprocessing = 0;
		};
/* End PBXCopyFilesBuildPhase section */

/* Begin PBXFileReference section */
		4AEA565324E707D7004AE463 /* MovieSearcher.app */ = {isa = PBXFileReference; explicitFileType = wrapper.application; includeInIndex = 0; path = MovieSearcher.app; sourceTree = BUILT_PRODUCTS_DIR; };
		4AEA565624E707D7004AE463 /* AppDelegate.swift */ = {isa = PBXFileReference; lastKnownFileType = sourcecode.swift; path = AppDelegate.swift; sourceTree = "<group>"; };
		4AEA565824E707D7004AE463 /* SceneDelegate.swift */ = {isa = PBXFileReference; lastKnownFileType = sourcecode.swift; path = SceneDelegate.swift; sourceTree = "<group>"; };
		4AEA565A24E707D7004AE463 /* ViewController.swift */ = {isa = PBXFileReference; lastKnownFileType = sourcecode.swift; path = ViewController.swift; sourceTree = "<group>"; };
		4AEA565D24E707D7004AE463 /* Base */ = {isa = PBXFileReference; lastKnownFileType = file.storyboard; name = Base; path = Base.lproj/Main.storyboard; sourceTree = "<group>"; };
		4AEA565F24E707D8004AE463 /* Assets.xcassets */ = {isa = PBXFileReference; lastKnownFileType = folder.assetcatalog; path = Assets.xcassets; sourceTree = "<group>"; };
		4AEA566224E707D8004AE463 /* Base */ = {isa = PBXFileReference; lastKnownFileType = file.storyboard; name = Base; path = Base.lproj/LaunchScreen.storyboard; sourceTree = "<group>"; };
		4AEA566424E707D8004AE463 /* Info.plist */ = {isa = PBXFileReference; lastKnownFileType = text.plist.xml; path = Info.plist; sourceTree = "<group>"; };
		4AEA566A24E717A9004AE463 /* MovieTableViewCell.swift */ = {isa = PBXFileReference; lastKnownFileType = sourcecode.swift; path = MovieTableViewCell.swift; sourceTree = "<group>"; };
		4AEA566B24E717A9004AE463 /* MovieTableViewCell.xib */ = {isa = PBXFileReference; lastKnownFileType = file.xib; path = MovieTableViewCell.xib; sourceTree = "<group>"; };
		4AEA568724E71DB2004AE463 /* DataManager.xcodeproj */ = {isa = PBXFileReference; lastKnownFileType = "wrapper.pb-project"; name = DataManager.xcodeproj; path = ../DataManager/DataManager.xcodeproj; sourceTree = "<group>"; };
/* End PBXFileReference section */

/* Begin PBXFrameworksBuildPhase section */
		4AEA565024E707D7004AE463 /* Frameworks */ = {
			isa = PBXFrameworksBuildPhase;
			buildActionMask = 2147483647;
			files = (
				4A5DE35224E71E2F00E817D2 /* DataManager.framework in Frameworks */,
			);
			runOnlyForDeploymentPostprocessing = 0;
		};
/* End PBXFrameworksBuildPhase section */

/* Begin PBXGroup section */
		4A5DE35024E71E2F00E817D2 /* Frameworks */ = {
			isa = PBXGroup;
			children = (
			);
			name = Frameworks;
			sourceTree = "<group>";
		};
		4AEA564A24E707D7004AE463 = {
			isa = PBXGroup;
			children = (
				4AEA568724E71DB2004AE463 /* DataManager.xcodeproj */,
				4AEA565524E707D7004AE463 /* MovieSearcher */,
				4AEA565424E707D7004AE463 /* Products */,
				4A5DE35024E71E2F00E817D2 /* Frameworks */,
			);
			sourceTree = "<group>";
		};
		4AEA565424E707D7004AE463 /* Products */ = {
			isa = PBXGroup;
			children = (
				4AEA565324E707D7004AE463 /* MovieSearcher.app */,
			);
			name = Products;
			sourceTree = "<group>";
		};
		4AEA565524E707D7004AE463 /* MovieSearcher */ = {
			isa = PBXGroup;
			children = (
				4AEA565624E707D7004AE463 /* AppDelegate.swift */,
				4AEA565824E707D7004AE463 /* SceneDelegate.swift */,
				4AEA565A24E707D7004AE463 /* ViewController.swift */,
				4AEA565C24E707D7004AE463 /* Main.storyboard */,
				4AEA565F24E707D8004AE463 /* Assets.xcassets */,
				4AEA566124E707D8004AE463 /* LaunchScreen.storyboard */,
				4AEA566424E707D8004AE463 /* Info.plist */,
				4AEA566A24E717A9004AE463 /* MovieTableViewCell.swift */,
				4AEA566B24E717A9004AE463 /* MovieTableViewCell.xib */,
			);
			path = MovieSearcher;
			sourceTree = "<group>";
		};
		4AEA568824E71DB2004AE463 /* Products */ = {
			isa = PBXGroup;
			children = (
				4AEA568C24E71DB2004AE463 /* DataManager.framework */,
			);
			name = Products;
			sourceTree = "<group>";
		};
/* End PBXGroup section */

/* Begin PBXNativeTarget section */
		4AEA565224E707D7004AE463 /* MovieSearcher */ = {
			isa = PBXNativeTarget;
			buildConfigurationList = 4AEA566724E707D8004AE463 /* Build configuration list for PBXNativeTarget "MovieSearcher" */;
			buildPhases = (
				4AEA564F24E707D7004AE463 /* Sources */,
				4AEA565024E707D7004AE463 /* Frameworks */,
				4AEA565124E707D7004AE463 /* Resources */,
				4A5DE35424E71E2F00E817D2 /* Embed Frameworks */,
			);
			buildRules = (
			);
			dependencies = (
			);
			name = MovieSearcher;
			productName = MovieSearcher;
			productReference = 4AEA565324E707D7004AE463 /* MovieSearcher.app */;
			productType = "com.apple.product-type.application";
		};
/* End PBXNativeTarget section */

/* Begin PBXProject section */
		4AEA564B24E707D7004AE463 /* Project object */ = {
			isa = PBXProject;
			attributes = {
				LastSwiftUpdateCheck = 1160;
				LastUpgradeCheck = 1160;
				ORGANIZATIONNAME = developers;
				TargetAttributes = {
					4AEA565224E707D7004AE463 = {
						CreatedOnToolsVersion = 11.6;
					};
				};
			};
			buildConfigurationList = 4AEA564E24E707D7004AE463 /* Build configuration list for PBXProject "MovieSearcher" */;
			compatibilityVersion = "Xcode 9.3";
			developmentRegion = en;
			hasScannedForEncodings = 0;
			knownRegions = (
				en,
				Base,
			);
			mainGroup = 4AEA564A24E707D7004AE463;
			productRefGroup = 4AEA565424E707D7004AE463 /* Products */;
			projectDirPath = "";
			projectReferences = (
				{
					ProductGroup = 4AEA568824E71DB2004AE463 /* Products */;
					ProjectRef = 4AEA568724E71DB2004AE463 /* DataManager.xcodeproj */;
				},
			);
			projectRoot = "";
			targets = (
				4AEA565224E707D7004AE463 /* MovieSearcher */,
			);
		};
/* End PBXProject section */

/* Begin PBXReferenceProxy section */
		4AEA568C24E71DB2004AE463 /* DataManager.framework */ = {
			isa = PBXReferenceProxy;
			fileType = wrapper.framework;
			path = DataManager.framework;
			remoteRef = 4AEA568B24E71DB2004AE463 /* PBXContainerItemProxy */;
			sourceTree = BUILT_PRODUCTS_DIR;
		};
/* End PBXReferenceProxy section */

/* Begin PBXResourcesBuildPhase section */
		4AEA565124E707D7004AE463 /* Resources */ = {
			isa = PBXResourcesBuildPhase;
			buildActionMask = 2147483647;
			files = (
				4AEA566324E707D8004AE463 /* LaunchScreen.storyboard in Resources */,
				4AEA566024E707D8004AE463 /* Assets.xcassets in Resources */,
				4AEA566D24E717A9004AE463 /* MovieTableViewCell.xib in Resources */,
				4AEA565E24E707D7004AE463 /* Main.storyboard in Resources */,
			);
			runOnlyForDeploymentPostprocessing = 0;
		};
/* End PBXResourcesBuildPhase section */

/* Begin PBXSourcesBuildPhase section */
		4AEA564F24E707D7004AE463 /* Sources */ = {
			isa = PBXSourcesBuildPhase;
			buildActionMask = 2147483647;
			files = (
				4AEA565B24E707D7004AE463 /* ViewController.swift in Sources */,
				4AEA565724E707D7004AE463 /* AppDelegate.swift in Sources */,
				4AEA566C24E717A9004AE463 /* MovieTableViewCell.swift in Sources */,
				4AEA565924E707D7004AE463 /* SceneDelegate.swift in Sources */,
			);
			runOnlyForDeploymentPostprocessing = 0;
		};
/* End PBXSourcesBuildPhase section */

/* Begin PBXVariantGroup section */
		4AEA565C24E707D7004AE463 /* Main.storyboard */ = {
			isa = PBXVariantGroup;
			children = (
				4AEA565D24E707D7004AE463 /* Base */,
			);
			name = Main.storyboard;
			sourceTree = "<group>";
		};
		4AEA566124E707D8004AE463 /* LaunchScreen.storyboard */ = {
			isa = PBXVariantGroup;
			children = (
				4AEA566224E707D8004AE463 /* Base */,
			);
			name = LaunchScreen.storyboard;
			sourceTree = "<group>";
		};
/* End PBXVariantGroup section */

/* Begin XCBuildConfiguration section */
		4AEA566524E707D8004AE463 /* Debug */ = {
			isa = XCBuildConfiguration;
			buildSettings = {
				ALWAYS_SEARCH_USER_PATHS = NO;
				CLANG_ANALYZER_NONNULL = YES;
				CLANG_ANALYZER_NUMBER_OBJECT_CONVERSION = YES_AGGRESSIVE;
				CLANG_CXX_LANGUAGE_STANDARD = "gnu++14";
				CLANG_CXX_LIBRARY = "libc++";
				CLANG_ENABLE_MODULES = YES;
				CLANG_ENABLE_OBJC_ARC = YES;
				CLANG_ENABLE_OBJC_WEAK = YES;
				CLANG_WARN_BLOCK_CAPTURE_AUTORELEASING = YES;
				CLANG_WARN_BOOL_CONVERSION = YES;
				CLANG_WARN_COMMA = YES;
				CLANG_WARN_CONSTANT_CONVERSION = YES;
				CLANG_WARN_DEPRECATED_OBJC_IMPLEMENTATIONS = YES;
				CLANG_WARN_DIRECT_OBJC_ISA_USAGE = YES_ERROR;
				CLANG_WARN_DOCUMENTATION_COMMENTS = YES;
				CLANG_WARN_EMPTY_BODY = YES;
				CLANG_WARN_ENUM_CONVERSION = YES;
				CLANG_WARN_INFINITE_RECURSION = YES;
				CLANG_WARN_INT_CONVERSION = YES;
				CLANG_WARN_NON_LITERAL_NULL_CONVERSION = YES;
				CLANG_WARN_OBJC_IMPLICIT_RETAIN_SELF = YES;
				CLANG_WARN_OBJC_LITERAL_CONVERSION = YES;
				CLANG_WARN_OBJC_ROOT_CLASS = YES_ERROR;
				CLANG_WARN_RANGE_LOOP_ANALYSIS = YES;
				CLANG_WARN_STRICT_PROTOTYPES = YES;
				CLANG_WARN_SUSPICIOUS_MOVE = YES;
				CLANG_WARN_UNGUARDED_AVAILABILITY = YES_AGGRESSIVE;
				CLANG_WARN_UNREACHABLE_CODE = YES;
				CLANG_WARN__DUPLICATE_METHOD_MATCH = YES;
				COPY_PHASE_STRIP = NO;
				DEBUG_INFORMATION_FORMAT = dwarf;
				ENABLE_STRICT_OBJC_MSGSEND = YES;
				ENABLE_TESTABILITY = YES;
				GCC_C_LANGUAGE_STANDARD = gnu11;
				GCC_DYNAMIC_NO_PIC = NO;
				GCC_NO_COMMON_BLOCKS = YES;
				GCC_OPTIMIZATION_LEVEL = 0;
				GCC_PREPROCESSOR_DEFINITIONS = (
					"DEBUG=1",
					"$(inherited)",
				);
				GCC_WARN_64_TO_32_BIT_CONVERSION = YES;
				GCC_WARN_ABOUT_RETURN_TYPE = YES_ERROR;
				GCC_WARN_UNDECLARED_SELECTOR = YES;
				GCC_WARN_UNINITIALIZED_AUTOS = YES_AGGRESSIVE;
				GCC_WARN_UNUSED_FUNCTION = YES;
				GCC_WARN_UNUSED_VARIABLE = YES;
				IPHONEOS_DEPLOYMENT_TARGET = 13.6;
				MTL_ENABLE_DEBUG_INFO = INCLUDE_SOURCE;
				MTL_FAST_MATH = YES;
				ONLY_ACTIVE_ARCH = YES;
				SDKROOT = iphoneos;
				SWIFT_ACTIVE_COMPILATION_CONDITIONS = DEBUG;
				SWIFT_OPTIMIZATION_LEVEL = "-Onone";
			};
			name = Debug;
		};
		4AEA566624E707D8004AE463 /* Release */ = {
			isa = XCBuildConfiguration;
			buildSettings = {
				ALWAYS_SEARCH_USER_PATHS = NO;
				CLANG_ANALYZER_NONNULL = YES;
				CLANG_ANALYZER_NUMBER_OBJECT_CONVERSION = YES_AGGRESSIVE;
				CLANG_CXX_LANGUAGE_STANDARD = "gnu++14";
				CLANG_CXX_LIBRARY = "libc++";
				CLANG_ENABLE_MODULES = YES;
				CLANG_ENABLE_OBJC_ARC = YES;
				CLANG_ENABLE_OBJC_WEAK = YES;
				CLANG_WARN_BLOCK_CAPTURE_AUTORELEASING = YES;
				CLANG_WARN_BOOL_CONVERSION = YES;
				CLANG_WARN_COMMA = YES;
				CLANG_WARN_CONSTANT_CONVERSION = YES;
				CLANG_WARN_DEPRECATED_OBJC_IMPLEMENTATIONS = YES;
				CLANG_WARN_DIRECT_OBJC_ISA_USAGE = YES_ERROR;
				CLANG_WARN_DOCUMENTATION_COMMENTS = YES;
				CLANG_WARN_EMPTY_BODY = YES;
				CLANG_WARN_ENUM_CONVERSION = YES;
				CLANG_WARN_INFINITE_RECURSION = YES;
				CLANG_WARN_INT_CONVERSION = YES;
				CLANG_WARN_NON_LITERAL_NULL_CONVERSION = YES;
				CLANG_WARN_OBJC_IMPLICIT_RETAIN_SELF = YES;
				CLANG_WARN_OBJC_LITERAL_CONVERSION = YES;
				CLANG_WARN_OBJC_ROOT_CLASS = YES_ERROR;
				CLANG_WARN_RANGE_LOOP_ANALYSIS = YES;
				CLANG_WARN_STRICT_PROTOTYPES = YES;
				CLANG_WARN_SUSPICIOUS_MOVE = YES;
				CLANG_WARN_UNGUARDED_AVAILABILITY = YES_AGGRESSIVE;
				CLANG_WARN_UNREACHABLE_CODE = YES;
				CLANG_WARN__DUPLICATE_METHOD_MATCH = YES;
				COPY_PHASE_STRIP = NO;
				DEBUG_INFORMATION_FORMAT = "dwarf-with-dsym";
				ENABLE_NS_ASSERTIONS = NO;
				ENABLE_STRICT_OBJC_MSGSEND = YES;
				GCC_C_LANGUAGE_STANDARD = gnu11;
				GCC_NO_COMMON_BLOCKS = YES;
				GCC_WARN_64_TO_32_BIT_CONVERSION = YES;
				GCC_WARN_ABOUT_RETURN_TYPE = YES_ERROR;
				GCC_WARN_UNDECLARED_SELECTOR = YES;
				GCC_WARN_UNINITIALIZED_AUTOS = YES_AGGRESSIVE;
				GCC_WARN_UNUSED_FUNCTION = YES;
				GCC_WARN_UNUSED_VARIABLE = YES;
				IPHONEOS_DEPLOYMENT_TARGET = 13.6;
				MTL_ENABLE_DEBUG_INFO = NO;
				MTL_FAST_MATH = YES;
				SDKROOT = iphoneos;
				SWIFT_COMPILATION_MODE = wholemodule;
				SWIFT_OPTIMIZATION_LEVEL = "-O";
				VALIDATE_PRODUCT = YES;
			};
			name = Release;
		};
		4AEA566824E707D8004AE463 /* Debug */ = {
			isa = XCBuildConfiguration;
			buildSettings = {
				ASSETCATALOG_COMPILER_APPICON_NAME = AppIcon;
				CODE_SIGN_STYLE = Automatic;
				INFOPLIST_FILE = MovieSearcher/Info.plist;
				LD_RUNPATH_SEARCH_PATHS = (
					"$(inherited)",
					"@executable_path/Frameworks",
				);
				PRODUCT_BUNDLE_IDENTIFIER = com.developers.MovieSearcher;
				PRODUCT_NAME = "$(TARGET_NAME)";
				SWIFT_VERSION = 5.0;
				TARGETED_DEVICE_FAMILY = "1,2";
			};
			name = Debug;
		};
		4AEA566924E707D8004AE463 /* Release */ = {
			isa = XCBuildConfiguration;
			buildSettings = {
				ASSETCATALOG_COMPILER_APPICON_NAME = AppIcon;
				CODE_SIGN_STYLE = Automatic;
				INFOPLIST_FILE = MovieSearcher/Info.plist;
				LD_RUNPATH_SEARCH_PATHS = (
					"$(inherited)",
					"@executable_path/Frameworks",
				);
				PRODUCT_BUNDLE_IDENTIFIER = com.developers.MovieSearcher;
				PRODUCT_NAME = "$(TARGET_NAME)";
				SWIFT_VERSION = 5.0;
				TARGETED_DEVICE_FAMILY = "1,2";
			};
			name = Release;
		};
/* End XCBuildConfiguration section */

/* Begin XCConfigurationList section */
		4AEA564E24E707D7004AE463 /* Build configuration list for PBXProject "MovieSearcher" */ = {
			isa = XCConfigurationList;
			buildConfigurations = (
				4AEA566524E707D8004AE463 /* Debug */,
				4AEA566624E707D8004AE463 /* Release */,
			);
			defaultConfigurationIsVisible = 0;
			defaultConfigurationName = Release;
		};
		4AEA566724E707D8004AE463 /* Build configuration list for PBXNativeTarget "MovieSearcher" */ = {
			isa = XCConfigurationList;
			buildConfigurations = (
				4AEA566824E707D8004AE463 /* Debug */,
				4AEA566924E707D8004AE463 /* Release */,
			);
			defaultConfigurationIsVisible = 0;
			defaultConfigurationName = Release;
		};
/* End XCConfigurationList section */
	};
	rootObject = 4AEA564B24E707D7004AE463 /* Project object */;
}
